
Microsoft Visual Studio Solution File, Format Version 12.00
# Visual Studio Version 17
VisualStudioVersion = 17.5.33627.172
MinimumVisualStudioVersion = 10.0.40219.1
Project("{FAE04EC0-301F-11D3-BF4B-00C04F79EFBC}") = "AnagramArray", "AnagramArray\AnagramArray.csproj", "{D5177F9B-7C00-4ADE-9BE9-1A228832FF1E}"
EndProject
Global
	GlobalSection(SolutionConfigurationPlatforms) = preSolution
		Debug|Any CPU = Debug|Any CPU
		Release|Any CPU = Release|Any CPU
	EndGlobalSection
	GlobalSection(ProjectConfigurationPlatforms) = postSolution
		{D5177F9B-7C00-4ADE-9BE9-1A228832FF1E}.Debug|Any CPU.ActiveCfg = Debug|Any CPU
		{D5177F9B-7C00-4ADE-9BE9-1A228832FF1E}.Debug|Any CPU.Build.0 = Debug|Any CPU
		{D5177F9B-7C00-4ADE-9BE9-1A228832FF1E}.Release|Any CPU.ActiveCfg = Release|Any CPU
		{D5177F9B-7C00-4ADE-9BE9-1A228832FF1E}.Release|Any CPU.Build.0 = Release|Any CPU
	EndGlobalSection
	GlobalSection(SolutionProperties) = preSolution
		HideSolutionNode = FALSE
	EndGlobalSection
	GlobalSection(ExtensibilityGlobals) = postSolution
		SolutionGuid = {D97DA8C9-CA0F-453C-AE11-DA3141E6EE6E}
	EndGlobalSection
EndGlobal
