
Microsoft Visual Studio Solution File, Format Version 12.00
# Visual Studio Version 17
VisualStudioVersion = 17.5.33627.172
MinimumVisualStudioVersion = 10.0.40219.1
Project("{FAE04EC0-301F-11D3-BF4B-00C04F79EFBC}") = "Anagram Checking", "Anagram Checking\Anagram Checking.csproj", "{7C92A0F3-1838-4EB8-9F1F-43B815AE6E51}"
EndProject
Global
	GlobalSection(SolutionConfigurationPlatforms) = preSolution
		Debug|Any CPU = Debug|Any CPU
		Release|Any CPU = Release|Any CPU
	EndGlobalSection
	GlobalSection(ProjectConfigurationPlatforms) = postSolution
		{7C92A0F3-1838-4EB8-9F1F-43B815AE6E51}.Debug|Any CPU.ActiveCfg = Debug|Any CPU
		{7C92A0F3-1838-4EB8-9F1F-43B815AE6E51}.Debug|Any CPU.Build.0 = Debug|Any CPU
		{7C92A0F3-1838-4EB8-9F1F-43B815AE6E51}.Release|Any CPU.ActiveCfg = Release|Any CPU
		{7C92A0F3-1838-4EB8-9F1F-43B815AE6E51}.Release|Any CPU.Build.0 = Release|Any CPU
	EndGlobalSection
	GlobalSection(SolutionProperties) = preSolution
		HideSolutionNode = FALSE
	EndGlobalSection
	GlobalSection(ExtensibilityGlobals) = postSolution
		SolutionGuid = {2CD5F2DB-CE52-4EE4-8E4C-1278E9E4BEC3}
	EndGlobalSection
EndGlobal
