
Microsoft Visual Studio Solution File, Format Version 12.00
# Visual Studio Version 17
VisualStudioVersion = 17.5.33627.172
MinimumVisualStudioVersion = 10.0.40219.1
Project("{FAE04EC0-301F-11D3-BF4B-00C04F79EFBC}") = "Fibonacci_Series", "Fibonacci_Series\Fibonacci_Series.csproj", "{6816CC60-6FCC-488C-B888-780CC47B1388}"
EndProject
Global
	GlobalSection(SolutionConfigurationPlatforms) = preSolution
		Debug|Any CPU = Debug|Any CPU
		Release|Any CPU = Release|Any CPU
	EndGlobalSection
	GlobalSection(ProjectConfigurationPlatforms) = postSolution
		{6816CC60-6FCC-488C-B888-780CC47B1388}.Debug|Any CPU.ActiveCfg = Debug|Any CPU
		{6816CC60-6FCC-488C-B888-780CC47B1388}.Debug|Any CPU.Build.0 = Debug|Any CPU
		{6816CC60-6FCC-488C-B888-780CC47B1388}.Release|Any CPU.ActiveCfg = Release|Any CPU
		{6816CC60-6FCC-488C-B888-780CC47B1388}.Release|Any CPU.Build.0 = Release|Any CPU
	EndGlobalSection
	GlobalSection(SolutionProperties) = preSolution
		HideSolutionNode = FALSE
	EndGlobalSection
	GlobalSection(ExtensibilityGlobals) = postSolution
		SolutionGuid = {A544F852-A780-4FF7-97A5-74D5C07D3E89}
	EndGlobalSection
EndGlobal
